// !$*UTF8*$!
{
	archiveVersion = 1;
	classes = {
	};
	objectVersion = 55;
	objects = {

/* Begin PBXBuildFile section */
		E022883327713A65002DC7A0 /* SquadListView.swift in Sources */ = {isa = PBXBuildFile; fileRef = E022883227713A65002DC7A0 /* SquadListView.swift */; };
		E02288362772280F002DC7A0 /* SquadListViewModel.swift in Sources */ = {isa = PBXBuildFile; fileRef = E02288352772280F002DC7A0 /* SquadListViewModel.swift */; };
		E0228843277230CD002DC7A0 /* MarvelAPITask_Tests.swift in Sources */ = {isa = PBXBuildFile; fileRef = E0228842277230CD002DC7A0 /* MarvelAPITask_Tests.swift */; };
		E022884A27724E43002DC7A0 /* CharacterListDataService_Test.swift in Sources */ = {isa = PBXBuildFile; fileRef = E022884927724E43002DC7A0 /* CharacterListDataService_Test.swift */; };
		E022884E2772599B002DC7A0 /* SquadListDataService_test.swift in Sources */ = {isa = PBXBuildFile; fileRef = E022884D2772599B002DC7A0 /* SquadListDataService_test.swift */; };
		E022885027725EB1002DC7A0 /* CharacterListViewModel.swift in Sources */ = {isa = PBXBuildFile; fileRef = E022884F27725EB1002DC7A0 /* CharacterListViewModel.swift */; };
		E022885327725FBA002DC7A0 /* SquadListViewModel_test.swift in Sources */ = {isa = PBXBuildFile; fileRef = E022885227725FBA002DC7A0 /* SquadListViewModel_test.swift */; };
		E022885627725FEB002DC7A0 /* CharacterListViewModel_test.swift in Sources */ = {isa = PBXBuildFile; fileRef = E022885527725FEB002DC7A0 /* CharacterListViewModel_test.swift */; };
		E057A06C2770D7EA00827AD9 /* MarvelAPITaskApp.swift in Sources */ = {isa = PBXBuildFile; fileRef = E057A06B2770D7EA00827AD9 /* MarvelAPITaskApp.swift */; };
		E057A0702770D7EB00827AD9 /* Assets.xcassets in Resources */ = {isa = PBXBuildFile; fileRef = E057A06F2770D7EB00827AD9 /* Assets.xcassets */; };
		E057A0732770D7EB00827AD9 /* Preview Assets.xcassets in Resources */ = {isa = PBXBuildFile; fileRef = E057A0722770D7EB00827AD9 /* Preview Assets.xcassets */; };
		E057A0752770D7EB00827AD9 /* Persistence.swift in Sources */ = {isa = PBXBuildFile; fileRef = E057A0742770D7EB00827AD9 /* Persistence.swift */; };
		E057A0782770D7EB00827AD9 /* MarvelAPITask.xcdatamodeld in Sources */ = {isa = PBXBuildFile; fileRef = E057A0762770D7EB00827AD9 /* MarvelAPITask.xcdatamodeld */; };
		E057A0812770D8BF00827AD9 /* HomeView.swift in Sources */ = {isa = PBXBuildFile; fileRef = E057A0802770D8BF00827AD9 /* HomeView.swift */; };
		E057A0852770E81F00827AD9 /* CharacterModels.swift in Sources */ = {isa = PBXBuildFile; fileRef = E057A0842770E81F00827AD9 /* CharacterModels.swift */; };
		E057A0872770EC5D00827AD9 /* CharacterListDataService.swift in Sources */ = {isa = PBXBuildFile; fileRef = E057A0862770EC5D00827AD9 /* CharacterListDataService.swift */; };
		E057A0892770EC9D00827AD9 /* Constants.swift in Sources */ = {isa = PBXBuildFile; fileRef = E057A0882770EC9D00827AD9 /* Constants.swift */; };
		E057A08D2770F11200827AD9 /* SDWebImageSwiftUI in Frameworks */ = {isa = PBXBuildFile; productRef = E057A08C2770F11200827AD9 /* SDWebImageSwiftUI */; };
		E057A08F2770F28300827AD9 /* CharacterListView.swift in Sources */ = {isa = PBXBuildFile; fileRef = E057A08E2770F28300827AD9 /* CharacterListView.swift */; };
		E057A0912770F2BE00827AD9 /* CharacterListCellView.swift in Sources */ = {isa = PBXBuildFile; fileRef = E057A0902770F2BE00827AD9 /* CharacterListCellView.swift */; };
		E057A0932770F3A600827AD9 /* SquadListDataService.swift in Sources */ = {isa = PBXBuildFile; fileRef = E057A0922770F3A600827AD9 /* SquadListDataService.swift */; };
		E057A0952770FD3B00827AD9 /* CharacterDetailView.swift in Sources */ = {isa = PBXBuildFile; fileRef = E057A0942770FD3B00827AD9 /* CharacterDetailView.swift */; };
/* End PBXBuildFile section */

/* Begin PBXContainerItemProxy section */
		E0228844277230CD002DC7A0 /* PBXContainerItemProxy */ = {
			isa = PBXContainerItemProxy;
			containerPortal = E057A0602770D7EA00827AD9 /* Project object */;
			proxyType = 1;
			remoteGlobalIDString = E057A0672770D7EA00827AD9;
			remoteInfo = MarvelAPITask;
		};
/* End PBXContainerItemProxy section */

/* Begin PBXFileReference section */
		E022883227713A65002DC7A0 /* SquadListView.swift */ = {isa = PBXFileReference; lastKnownFileType = sourcecode.swift; path = SquadListView.swift; sourceTree = "<group>"; };
		E02288352772280F002DC7A0 /* SquadListViewModel.swift */ = {isa = PBXFileReference; lastKnownFileType = sourcecode.swift; path = SquadListViewModel.swift; sourceTree = "<group>"; };
		E0228840277230CD002DC7A0 /* MarvelAPITask_Tests.xctest */ = {isa = PBXFileReference; explicitFileType = wrapper.cfbundle; includeInIndex = 0; path = MarvelAPITask_Tests.xctest; sourceTree = BUILT_PRODUCTS_DIR; };
		E0228842277230CD002DC7A0 /* MarvelAPITask_Tests.swift */ = {isa = PBXFileReference; lastKnownFileType = sourcecode.swift; path = MarvelAPITask_Tests.swift; sourceTree = "<group>"; };
		E022884927724E43002DC7A0 /* CharacterListDataService_Test.swift */ = {isa = PBXFileReference; lastKnownFileType = sourcecode.swift; path = CharacterListDataService_Test.swift; sourceTree = "<group>"; };
		E022884D2772599B002DC7A0 /* SquadListDataService_test.swift */ = {isa = PBXFileReference; lastKnownFileType = sourcecode.swift; path = SquadListDataService_test.swift; sourceTree = "<group>"; };
		E022884F27725EB1002DC7A0 /* CharacterListViewModel.swift */ = {isa = PBXFileReference; lastKnownFileType = sourcecode.swift; path = CharacterListViewModel.swift; sourceTree = "<group>"; };
		E022885227725FBA002DC7A0 /* SquadListViewModel_test.swift */ = {isa = PBXFileReference; lastKnownFileType = sourcecode.swift; path = SquadListViewModel_test.swift; sourceTree = "<group>"; };
		E022885527725FEB002DC7A0 /* CharacterListViewModel_test.swift */ = {isa = PBXFileReference; lastKnownFileType = sourcecode.swift; path = CharacterListViewModel_test.swift; sourceTree = "<group>"; };
		E057A0682770D7EA00827AD9 /* MarvelAPITask.app */ = {isa = PBXFileReference; explicitFileType = wrapper.application; includeInIndex = 0; path = MarvelAPITask.app; sourceTree = BUILT_PRODUCTS_DIR; };
		E057A06B2770D7EA00827AD9 /* MarvelAPITaskApp.swift */ = {isa = PBXFileReference; lastKnownFileType = sourcecode.swift; path = MarvelAPITaskApp.swift; sourceTree = "<group>"; };
		E057A06F2770D7EB00827AD9 /* Assets.xcassets */ = {isa = PBXFileReference; lastKnownFileType = folder.assetcatalog; path = Assets.xcassets; sourceTree = "<group>"; };
		E057A0722770D7EB00827AD9 /* Preview Assets.xcassets */ = {isa = PBXFileReference; lastKnownFileType = folder.assetcatalog; path = "Preview Assets.xcassets"; sourceTree = "<group>"; };
		E057A0742770D7EB00827AD9 /* Persistence.swift */ = {isa = PBXFileReference; lastKnownFileType = sourcecode.swift; path = Persistence.swift; sourceTree = "<group>"; };
		E057A0772770D7EB00827AD9 /* MarvelAPITask.xcdatamodel */ = {isa = PBXFileReference; lastKnownFileType = wrapper.xcdatamodel; path = MarvelAPITask.xcdatamodel; sourceTree = "<group>"; };
		E057A0802770D8BF00827AD9 /* HomeView.swift */ = {isa = PBXFileReference; lastKnownFileType = sourcecode.swift; path = HomeView.swift; sourceTree = "<group>"; };
		E057A0842770E81F00827AD9 /* CharacterModels.swift */ = {isa = PBXFileReference; lastKnownFileType = sourcecode.swift; path = CharacterModels.swift; sourceTree = "<group>"; };
		E057A0862770EC5D00827AD9 /* CharacterListDataService.swift */ = {isa = PBXFileReference; lastKnownFileType = sourcecode.swift; path = CharacterListDataService.swift; sourceTree = "<group>"; };
		E057A0882770EC9D00827AD9 /* Constants.swift */ = {isa = PBXFileReference; lastKnownFileType = sourcecode.swift; path = Constants.swift; sourceTree = "<group>"; };
		E057A08E2770F28300827AD9 /* CharacterListView.swift */ = {isa = PBXFileReference; lastKnownFileType = sourcecode.swift; path = CharacterListView.swift; sourceTree = "<group>"; };
		E057A0902770F2BE00827AD9 /* CharacterListCellView.swift */ = {isa = PBXFileReference; lastKnownFileType = sourcecode.swift; path = CharacterListCellView.swift; sourceTree = "<group>"; };
		E057A0922770F3A600827AD9 /* SquadListDataService.swift */ = {isa = PBXFileReference; lastKnownFileType = sourcecode.swift; path = SquadListDataService.swift; sourceTree = "<group>"; };
		E057A0942770FD3B00827AD9 /* CharacterDetailView.swift */ = {isa = PBXFileReference; lastKnownFileType = sourcecode.swift; path = CharacterDetailView.swift; sourceTree = "<group>"; };
/* End PBXFileReference section */

/* Begin PBXFrameworksBuildPhase section */
		E022883D277230CD002DC7A0 /* Frameworks */ = {
			isa = PBXFrameworksBuildPhase;
			buildActionMask = 2147483647;
			files = (
			);
			runOnlyForDeploymentPostprocessing = 0;
		};
		E057A0652770D7EA00827AD9 /* Frameworks */ = {
			isa = PBXFrameworksBuildPhase;
			buildActionMask = 2147483647;
			files = (
				E057A08D2770F11200827AD9 /* SDWebImageSwiftUI in Frameworks */,
			);
			runOnlyForDeploymentPostprocessing = 0;
		};
/* End PBXFrameworksBuildPhase section */

/* Begin PBXGroup section */
		E022883427722806002DC7A0 /* ViewModel */ = {
			isa = PBXGroup;
			children = (
				E02288352772280F002DC7A0 /* SquadListViewModel.swift */,
				E022884F27725EB1002DC7A0 /* CharacterListViewModel.swift */,
			);
			path = ViewModel;
			sourceTree = "<group>";
		};
		E022883727722BE4002DC7A0 /* CharacterListView */ = {
			isa = PBXGroup;
			children = (
				E057A08E2770F28300827AD9 /* CharacterListView.swift */,
				E057A0902770F2BE00827AD9 /* CharacterListCellView.swift */,
			);
			path = CharacterListView;
			sourceTree = "<group>";
		};
		E022883827722BEA002DC7A0 /* CharacterDetailView */ = {
			isa = PBXGroup;
			children = (
				E057A0942770FD3B00827AD9 /* CharacterDetailView.swift */,
			);
			path = CharacterDetailView;
			sourceTree = "<group>";
		};
		E022883927722BF1002DC7A0 /* Home */ = {
			isa = PBXGroup;
			children = (
				E057A0802770D8BF00827AD9 /* HomeView.swift */,
				E022883B27722C12002DC7A0 /* SquadListView */,
				E022883827722BEA002DC7A0 /* CharacterDetailView */,
				E022883727722BE4002DC7A0 /* CharacterListView */,
			);
			path = Home;
			sourceTree = "<group>";
		};
		E022883B27722C12002DC7A0 /* SquadListView */ = {
			isa = PBXGroup;
			children = (
				E022883227713A65002DC7A0 /* SquadListView.swift */,
			);
			path = SquadListView;
			sourceTree = "<group>";
		};
		E0228841277230CD002DC7A0 /* MarvelAPITask_Tests */ = {
			isa = PBXGroup;
			children = (
				E0228842277230CD002DC7A0 /* MarvelAPITask_Tests.swift */,
				E022885427725FC5002DC7A0 /* CharacterListViewModel */,
				E022885127725FA9002DC7A0 /* SquadListViewModel */,
				E022884C27725975002DC7A0 /* SquadListDataService */,
				E022884B27724F0A002DC7A0 /* MarvelListDataService */,
			);
			path = MarvelAPITask_Tests;
			sourceTree = "<group>";
		};
		E022884B27724F0A002DC7A0 /* MarvelListDataService */ = {
			isa = PBXGroup;
			children = (
				E022884927724E43002DC7A0 /* CharacterListDataService_Test.swift */,
			);
			path = MarvelListDataService;
			sourceTree = "<group>";
		};
		E022884C27725975002DC7A0 /* SquadListDataService */ = {
			isa = PBXGroup;
			children = (
				E022884D2772599B002DC7A0 /* SquadListDataService_test.swift */,
			);
			path = SquadListDataService;
			sourceTree = "<group>";
		};
		E022885127725FA9002DC7A0 /* SquadListViewModel */ = {
			isa = PBXGroup;
			children = (
				E022885227725FBA002DC7A0 /* SquadListViewModel_test.swift */,
			);
			path = SquadListViewModel;
			sourceTree = "<group>";
		};
		E022885427725FC5002DC7A0 /* CharacterListViewModel */ = {
			isa = PBXGroup;
			children = (
				E022885527725FEB002DC7A0 /* CharacterListViewModel_test.swift */,
			);
			path = CharacterListViewModel;
			sourceTree = "<group>";
		};
		E057A05F2770D7EA00827AD9 = {
			isa = PBXGroup;
			children = (
				E057A06A2770D7EA00827AD9 /* MarvelAPITask */,
				E0228841277230CD002DC7A0 /* MarvelAPITask_Tests */,
				E057A0692770D7EA00827AD9 /* Products */,
			);
			sourceTree = "<group>";
		};
		E057A0692770D7EA00827AD9 /* Products */ = {
			isa = PBXGroup;
			children = (
				E057A0682770D7EA00827AD9 /* MarvelAPITask.app */,
				E0228840277230CD002DC7A0 /* MarvelAPITask_Tests.xctest */,
			);
			name = Products;
			sourceTree = "<group>";
		};
		E057A06A2770D7EA00827AD9 /* MarvelAPITask */ = {
			isa = PBXGroup;
			children = (
				E057A06B2770D7EA00827AD9 /* MarvelAPITaskApp.swift */,
				E057A0882770EC9D00827AD9 /* Constants.swift */,
				E057A08A2770ECD000827AD9 /* DataService */,
				E057A0822770E80C00827AD9 /* Model */,
				E057A07F2770D85A00827AD9 /* CoreData */,
				E057A07E2770D85600827AD9 /* Core */,
				E057A06F2770D7EB00827AD9 /* Assets.xcassets */,
				E057A0712770D7EB00827AD9 /* Preview Content */,
			);
			path = MarvelAPITask;
			sourceTree = "<group>";
		};
		E057A0712770D7EB00827AD9 /* Preview Content */ = {
			isa = PBXGroup;
			children = (
				E057A0722770D7EB00827AD9 /* Preview Assets.xcassets */,
			);
			path = "Preview Content";
			sourceTree = "<group>";
		};
		E057A07E2770D85600827AD9 /* Core */ = {
			isa = PBXGroup;
			children = (
				E022883427722806002DC7A0 /* ViewModel */,
				E057A0832770E81300827AD9 /* View */,
			);
			path = Core;
			sourceTree = "<group>";
		};
		E057A07F2770D85A00827AD9 /* CoreData */ = {
			isa = PBXGroup;
			children = (
				E057A0742770D7EB00827AD9 /* Persistence.swift */,
				E057A0762770D7EB00827AD9 /* MarvelAPITask.xcdatamodeld */,
			);
			path = CoreData;
			sourceTree = "<group>";
		};
		E057A0822770E80C00827AD9 /* Model */ = {
			isa = PBXGroup;
			children = (
				E057A0842770E81F00827AD9 /* CharacterModels.swift */,
			);
			path = Model;
			sourceTree = "<group>";
		};
		E057A0832770E81300827AD9 /* View */ = {
			isa = PBXGroup;
			children = (
				E022883927722BF1002DC7A0 /* Home */,
			);
			path = View;
			sourceTree = "<group>";
		};
		E057A08A2770ECD000827AD9 /* DataService */ = {
			isa = PBXGroup;
			children = (
				E057A0862770EC5D00827AD9 /* CharacterListDataService.swift */,
				E057A0922770F3A600827AD9 /* SquadListDataService.swift */,
			);
			path = DataService;
			sourceTree = "<group>";
		};
/* End PBXGroup section */

/* Begin PBXNativeTarget section */
		E022883F277230CD002DC7A0 /* MarvelAPITask_Tests */ = {
			isa = PBXNativeTarget;
			buildConfigurationList = E0228846277230CD002DC7A0 /* Build configuration list for PBXNativeTarget "MarvelAPITask_Tests" */;
			buildPhases = (
				E022883C277230CD002DC7A0 /* Sources */,
				E022883D277230CD002DC7A0 /* Frameworks */,
				E022883E277230CD002DC7A0 /* Resources */,
			);
			buildRules = (
			);
			dependencies = (
				E0228845277230CD002DC7A0 /* PBXTargetDependency */,
			);
			name = MarvelAPITask_Tests;
			productName = MarvelAPITask_Tests;
			productReference = E0228840277230CD002DC7A0 /* MarvelAPITask_Tests.xctest */;
			productType = "com.apple.product-type.bundle.unit-test";
		};
		E057A0672770D7EA00827AD9 /* MarvelAPITask */ = {
			isa = PBXNativeTarget;
			buildConfigurationList = E057A07B2770D7EB00827AD9 /* Build configuration list for PBXNativeTarget "MarvelAPITask" */;
			buildPhases = (
				E057A0642770D7EA00827AD9 /* Sources */,
				E057A0652770D7EA00827AD9 /* Frameworks */,
				E057A0662770D7EA00827AD9 /* Resources */,
			);
			buildRules = (
			);
			dependencies = (
			);
			name = MarvelAPITask;
			packageProductDependencies = (
				E057A08C2770F11200827AD9 /* SDWebImageSwiftUI */,
			);
			productName = MarvelAPITask;
			productReference = E057A0682770D7EA00827AD9 /* MarvelAPITask.app */;
			productType = "com.apple.product-type.application";
		};
/* End PBXNativeTarget section */

/* Begin PBXProject section */
		E057A0602770D7EA00827AD9 /* Project object */ = {
			isa = PBXProject;
			attributes = {
				BuildIndependentTargetsInParallel = 1;
				LastSwiftUpdateCheck = 1320;
				LastUpgradeCheck = 1320;
				TargetAttributes = {
					E022883F277230CD002DC7A0 = {
						CreatedOnToolsVersion = 13.2;
						TestTargetID = E057A0672770D7EA00827AD9;
					};
					E057A0672770D7EA00827AD9 = {
						CreatedOnToolsVersion = 13.2;
					};
				};
			};
			buildConfigurationList = E057A0632770D7EA00827AD9 /* Build configuration list for PBXProject "MarvelAPITask" */;
			compatibilityVersion = "Xcode 13.0";
			developmentRegion = en;
			hasScannedForEncodings = 0;
			knownRegions = (
				en,
				Base,
			);
			mainGroup = E057A05F2770D7EA00827AD9;
			packageReferences = (
				E057A08B2770F11200827AD9 /* XCRemoteSwiftPackageReference "SDWebImageSwiftUI" */,
			);
			productRefGroup = E057A0692770D7EA00827AD9 /* Products */;
			projectDirPath = "";
			projectRoot = "";
			targets = (
				E057A0672770D7EA00827AD9 /* MarvelAPITask */,
				E022883F277230CD002DC7A0 /* MarvelAPITask_Tests */,
			);
		};
/* End PBXProject section */

/* Begin PBXResourcesBuildPhase section */
		E022883E277230CD002DC7A0 /* Resources */ = {
			isa = PBXResourcesBuildPhase;
			buildActionMask = 2147483647;
			files = (
			);
			runOnlyForDeploymentPostprocessing = 0;
		};
		E057A0662770D7EA00827AD9 /* Resources */ = {
			isa = PBXResourcesBuildPhase;
			buildActionMask = 2147483647;
			files = (
				E057A0732770D7EB00827AD9 /* Preview Assets.xcassets in Resources */,
				E057A0702770D7EB00827AD9 /* Assets.xcassets in Resources */,
			);
			runOnlyForDeploymentPostprocessing = 0;
		};
/* End PBXResourcesBuildPhase section */

/* Begin PBXSourcesBuildPhase section */
		E022883C277230CD002DC7A0 /* Sources */ = {
			isa = PBXSourcesBuildPhase;
			buildActionMask = 2147483647;
			files = (
				E0228843277230CD002DC7A0 /* MarvelAPITask_Tests.swift in Sources */,
				E022885327725FBA002DC7A0 /* SquadListViewModel_test.swift in Sources */,
				E022884A27724E43002DC7A0 /* CharacterListDataService_Test.swift in Sources */,
				E022885627725FEB002DC7A0 /* CharacterListViewModel_test.swift in Sources */,
				E022884E2772599B002DC7A0 /* SquadListDataService_test.swift in Sources */,
			);
			runOnlyForDeploymentPostprocessing = 0;
		};
		E057A0642770D7EA00827AD9 /* Sources */ = {
			isa = PBXSourcesBuildPhase;
			buildActionMask = 2147483647;
			files = (
				E057A0752770D7EB00827AD9 /* Persistence.swift in Sources */,
				E057A0782770D7EB00827AD9 /* MarvelAPITask.xcdatamodeld in Sources */,
				E057A0952770FD3B00827AD9 /* CharacterDetailView.swift in Sources */,
				E02288362772280F002DC7A0 /* SquadListViewModel.swift in Sources */,
				E057A08F2770F28300827AD9 /* CharacterListView.swift in Sources */,
				E057A0932770F3A600827AD9 /* SquadListDataService.swift in Sources */,
				E057A0812770D8BF00827AD9 /* HomeView.swift in Sources */,
				E057A06C2770D7EA00827AD9 /* MarvelAPITaskApp.swift in Sources */,
				E022883327713A65002DC7A0 /* SquadListView.swift in Sources */,
				E057A0852770E81F00827AD9 /* CharacterModels.swift in Sources */,
				E022885027725EB1002DC7A0 /* CharacterListViewModel.swift in Sources */,
				E057A0912770F2BE00827AD9 /* CharacterListCellView.swift in Sources */,
				E057A0872770EC5D00827AD9 /* CharacterListDataService.swift in Sources */,
				E057A0892770EC9D00827AD9 /* Constants.swift in Sources */,
			);
			runOnlyForDeploymentPostprocessing = 0;
		};
/* End PBXSourcesBuildPhase section */

/* Begin PBXTargetDependency section */
		E0228845277230CD002DC7A0 /* PBXTargetDependency */ = {
			isa = PBXTargetDependency;
			target = E057A0672770D7EA00827AD9 /* MarvelAPITask */;
			targetProxy = E0228844277230CD002DC7A0 /* PBXContainerItemProxy */;
		};
/* End PBXTargetDependency section */

/* Begin XCBuildConfiguration section */
		E0228847277230CD002DC7A0 /* Debug */ = {
			isa = XCBuildConfiguration;
			buildSettings = {
				BUNDLE_LOADER = "$(TEST_HOST)";
				CODE_SIGN_STYLE = Automatic;
				CURRENT_PROJECT_VERSION = 1;
				DEVELOPMENT_TEAM = 2775XVJ3MG;
				GENERATE_INFOPLIST_FILE = YES;
				MARKETING_VERSION = 1.0;
				PRODUCT_BUNDLE_IDENTIFIER = "com.connorlynch.MarvelAPITask-Tests";
				PRODUCT_NAME = "$(TARGET_NAME)";
				SWIFT_EMIT_LOC_STRINGS = NO;
				SWIFT_VERSION = 5.0;
				TARGETED_DEVICE_FAMILY = "1,2";
				TEST_HOST = "$(BUILT_PRODUCTS_DIR)/MarvelAPITask.app/MarvelAPITask";
			};
			name = Debug;
		};
		E0228848277230CD002DC7A0 /* Release */ = {
			isa = XCBuildConfiguration;
			buildSettings = {
				BUNDLE_LOADER = "$(TEST_HOST)";
				CODE_SIGN_STYLE = Automatic;
				CURRENT_PROJECT_VERSION = 1;
				DEVELOPMENT_TEAM = 2775XVJ3MG;
				GENERATE_INFOPLIST_FILE = YES;
				MARKETING_VERSION = 1.0;
				PRODUCT_BUNDLE_IDENTIFIER = "com.connorlynch.MarvelAPITask-Tests";
				PRODUCT_NAME = "$(TARGET_NAME)";
				SWIFT_EMIT_LOC_STRINGS = NO;
				SWIFT_VERSION = 5.0;
				TARGETED_DEVICE_FAMILY = "1,2";
				TEST_HOST = "$(BUILT_PRODUCTS_DIR)/MarvelAPITask.app/MarvelAPITask";
			};
			name = Release;
		};
		E057A0792770D7EB00827AD9 /* Debug */ = {
			isa = XCBuildConfiguration;
			buildSettings = {
				ALWAYS_SEARCH_USER_PATHS = NO;
				CLANG_ANALYZER_NONNULL = YES;
				CLANG_ANALYZER_NUMBER_OBJECT_CONVERSION = YES_AGGRESSIVE;
				CLANG_CXX_LANGUAGE_STANDARD = "gnu++17";
				CLANG_CXX_LIBRARY = "libc++";
				CLANG_ENABLE_MODULES = YES;
				CLANG_ENABLE_OBJC_ARC = YES;
				CLANG_ENABLE_OBJC_WEAK = YES;
				CLANG_WARN_BLOCK_CAPTURE_AUTORELEASING = YES;
				CLANG_WARN_BOOL_CONVERSION = YES;
				CLANG_WARN_COMMA = YES;
				CLANG_WARN_CONSTANT_CONVERSION = YES;
				CLANG_WARN_DEPRECATED_OBJC_IMPLEMENTATIONS = YES;
				CLANG_WARN_DIRECT_OBJC_ISA_USAGE = YES_ERROR;
				CLANG_WARN_DOCUMENTATION_COMMENTS = YES;
				CLANG_WARN_EMPTY_BODY = YES;
				CLANG_WARN_ENUM_CONVERSION = YES;
				CLANG_WARN_INFINITE_RECURSION = YES;
				CLANG_WARN_INT_CONVERSION = YES;
				CLANG_WARN_NON_LITERAL_NULL_CONVERSION = YES;
				CLANG_WARN_OBJC_IMPLICIT_RETAIN_SELF = YES;
				CLANG_WARN_OBJC_LITERAL_CONVERSION = YES;
				CLANG_WARN_OBJC_ROOT_CLASS = YES_ERROR;
				CLANG_WARN_QUOTED_INCLUDE_IN_FRAMEWORK_HEADER = YES;
				CLANG_WARN_RANGE_LOOP_ANALYSIS = YES;
				CLANG_WARN_STRICT_PROTOTYPES = YES;
				CLANG_WARN_SUSPICIOUS_MOVE = YES;
				CLANG_WARN_UNGUARDED_AVAILABILITY = YES_AGGRESSIVE;
				CLANG_WARN_UNREACHABLE_CODE = YES;
				CLANG_WARN__DUPLICATE_METHOD_MATCH = YES;
				COPY_PHASE_STRIP = NO;
				DEBUG_INFORMATION_FORMAT = dwarf;
				ENABLE_STRICT_OBJC_MSGSEND = YES;
				ENABLE_TESTABILITY = YES;
				GCC_C_LANGUAGE_STANDARD = gnu11;
				GCC_DYNAMIC_NO_PIC = NO;
				GCC_NO_COMMON_BLOCKS = YES;
				GCC_OPTIMIZATION_LEVEL = 0;
				GCC_PREPROCESSOR_DEFINITIONS = (
					"DEBUG=1",
					"$(inherited)",
				);
				GCC_WARN_64_TO_32_BIT_CONVERSION = YES;
				GCC_WARN_ABOUT_RETURN_TYPE = YES_ERROR;
				GCC_WARN_UNDECLARED_SELECTOR = YES;
				GCC_WARN_UNINITIALIZED_AUTOS = YES_AGGRESSIVE;
				GCC_WARN_UNUSED_FUNCTION = YES;
				GCC_WARN_UNUSED_VARIABLE = YES;
				IPHONEOS_DEPLOYMENT_TARGET = 15.2;
				MTL_ENABLE_DEBUG_INFO = INCLUDE_SOURCE;
				MTL_FAST_MATH = YES;
				ONLY_ACTIVE_ARCH = YES;
				SDKROOT = iphoneos;
				SWIFT_ACTIVE_COMPILATION_CONDITIONS = DEBUG;
				SWIFT_OPTIMIZATION_LEVEL = "-Onone";
			};
			name = Debug;
		};
		E057A07A2770D7EB00827AD9 /* Release */ = {
			isa = XCBuildConfiguration;
			buildSettings = {
				ALWAYS_SEARCH_USER_PATHS = NO;
				CLANG_ANALYZER_NONNULL = YES;
				CLANG_ANALYZER_NUMBER_OBJECT_CONVERSION = YES_AGGRESSIVE;
				CLANG_CXX_LANGUAGE_STANDARD = "gnu++17";
				CLANG_CXX_LIBRARY = "libc++";
				CLANG_ENABLE_MODULES = YES;
				CLANG_ENABLE_OBJC_ARC = YES;
				CLANG_ENABLE_OBJC_WEAK = YES;
				CLANG_WARN_BLOCK_CAPTURE_AUTORELEASING = YES;
				CLANG_WARN_BOOL_CONVERSION = YES;
				CLANG_WARN_COMMA = YES;
				CLANG_WARN_CONSTANT_CONVERSION = YES;
				CLANG_WARN_DEPRECATED_OBJC_IMPLEMENTATIONS = YES;
				CLANG_WARN_DIRECT_OBJC_ISA_USAGE = YES_ERROR;
				CLANG_WARN_DOCUMENTATION_COMMENTS = YES;
				CLANG_WARN_EMPTY_BODY = YES;
				CLANG_WARN_ENUM_CONVERSION = YES;
				CLANG_WARN_INFINITE_RECURSION = YES;
				CLANG_WARN_INT_CONVERSION = YES;
				CLANG_WARN_NON_LITERAL_NULL_CONVERSION = YES;
				CLANG_WARN_OBJC_IMPLICIT_RETAIN_SELF = YES;
				CLANG_WARN_OBJC_LITERAL_CONVERSION = YES;
				CLANG_WARN_OBJC_ROOT_CLASS = YES_ERROR;
				CLANG_WARN_QUOTED_INCLUDE_IN_FRAMEWORK_HEADER = YES;
				CLANG_WARN_RANGE_LOOP_ANALYSIS = YES;
				CLANG_WARN_STRICT_PROTOTYPES = YES;
				CLANG_WARN_SUSPICIOUS_MOVE = YES;
				CLANG_WARN_UNGUARDED_AVAILABILITY = YES_AGGRESSIVE;
				CLANG_WARN_UNREACHABLE_CODE = YES;
				CLANG_WARN__DUPLICATE_METHOD_MATCH = YES;
				COPY_PHASE_STRIP = NO;
				DEBUG_INFORMATION_FORMAT = "dwarf-with-dsym";
				ENABLE_NS_ASSERTIONS = NO;
				ENABLE_STRICT_OBJC_MSGSEND = YES;
				GCC_C_LANGUAGE_STANDARD = gnu11;
				GCC_NO_COMMON_BLOCKS = YES;
				GCC_WARN_64_TO_32_BIT_CONVERSION = YES;
				GCC_WARN_ABOUT_RETURN_TYPE = YES_ERROR;
				GCC_WARN_UNDECLARED_SELECTOR = YES;
				GCC_WARN_UNINITIALIZED_AUTOS = YES_AGGRESSIVE;
				GCC_WARN_UNUSED_FUNCTION = YES;
				GCC_WARN_UNUSED_VARIABLE = YES;
				IPHONEOS_DEPLOYMENT_TARGET = 15.2;
				MTL_ENABLE_DEBUG_INFO = NO;
				MTL_FAST_MATH = YES;
				SDKROOT = iphoneos;
				SWIFT_COMPILATION_MODE = wholemodule;
				SWIFT_OPTIMIZATION_LEVEL = "-O";
				VALIDATE_PRODUCT = YES;
			};
			name = Release;
		};
		E057A07C2770D7EB00827AD9 /* Debug */ = {
			isa = XCBuildConfiguration;
			buildSettings = {
				ASSETCATALOG_COMPILER_APPICON_NAME = AppIcon;
				ASSETCATALOG_COMPILER_GLOBAL_ACCENT_COLOR_NAME = AccentColor;
				CODE_SIGN_STYLE = Automatic;
				CURRENT_PROJECT_VERSION = 1;
				DEVELOPMENT_ASSET_PATHS = "\"MarvelAPITask/Preview Content\"";
				DEVELOPMENT_TEAM = 2775XVJ3MG;
				ENABLE_PREVIEWS = YES;
				GENERATE_INFOPLIST_FILE = YES;
				INFOPLIST_KEY_UIApplicationSceneManifest_Generation = YES;
				INFOPLIST_KEY_UIApplicationSupportsIndirectInputEvents = YES;
				INFOPLIST_KEY_UILaunchScreen_Generation = YES;
				INFOPLIST_KEY_UISupportedInterfaceOrientations_iPad = "UIInterfaceOrientationPortrait UIInterfaceOrientationPortraitUpsideDown UIInterfaceOrientationLandscapeLeft UIInterfaceOrientationLandscapeRight";
				INFOPLIST_KEY_UISupportedInterfaceOrientations_iPhone = "UIInterfaceOrientationPortrait UIInterfaceOrientationLandscapeLeft UIInterfaceOrientationLandscapeRight";
				LD_RUNPATH_SEARCH_PATHS = (
					"$(inherited)",
					"@executable_path/Frameworks",
				);
				MARKETING_VERSION = 1.0;
				PRODUCT_BUNDLE_IDENTIFIER = com.connorlynch.MarvelAPITask;
				PRODUCT_NAME = "$(TARGET_NAME)";
				SWIFT_EMIT_LOC_STRINGS = YES;
				SWIFT_VERSION = 5.0;
				TARGETED_DEVICE_FAMILY = "1,2";
			};
			name = Debug;
		};
		E057A07D2770D7EB00827AD9 /* Release */ = {
			isa = XCBuildConfiguration;
			buildSettings = {
				ASSETCATALOG_COMPILER_APPICON_NAME = AppIcon;
				ASSETCATALOG_COMPILER_GLOBAL_ACCENT_COLOR_NAME = AccentColor;
				CODE_SIGN_STYLE = Automatic;
				CURRENT_PROJECT_VERSION = 1;
				DEVELOPMENT_ASSET_PATHS = "\"MarvelAPITask/Preview Content\"";
				DEVELOPMENT_TEAM = 2775XVJ3MG;
				ENABLE_PREVIEWS = YES;
				GENERATE_INFOPLIST_FILE = YES;
				INFOPLIST_KEY_UIApplicationSceneManifest_Generation = YES;
				INFOPLIST_KEY_UIApplicationSupportsIndirectInputEvents = YES;
				INFOPLIST_KEY_UILaunchScreen_Generation = YES;
				INFOPLIST_KEY_UISupportedInterfaceOrientations_iPad = "UIInterfaceOrientationPortrait UIInterfaceOrientationPortraitUpsideDown UIInterfaceOrientationLandscapeLeft UIInterfaceOrientationLandscapeRight";
				INFOPLIST_KEY_UISupportedInterfaceOrientations_iPhone = "UIInterfaceOrientationPortrait UIInterfaceOrientationLandscapeLeft UIInterfaceOrientationLandscapeRight";
				LD_RUNPATH_SEARCH_PATHS = (
					"$(inherited)",
					"@executable_path/Frameworks",
				);
				MARKETING_VERSION = 1.0;
				PRODUCT_BUNDLE_IDENTIFIER = com.connorlynch.MarvelAPITask;
				PRODUCT_NAME = "$(TARGET_NAME)";
				SWIFT_EMIT_LOC_STRINGS = YES;
				SWIFT_VERSION = 5.0;
				TARGETED_DEVICE_FAMILY = "1,2";
			};
			name = Release;
		};
/* End XCBuildConfiguration section */

/* Begin XCConfigurationList section */
		E0228846277230CD002DC7A0 /* Build configuration list for PBXNativeTarget "MarvelAPITask_Tests" */ = {
			isa = XCConfigurationList;
			buildConfigurations = (
				E0228847277230CD002DC7A0 /* Debug */,
				E0228848277230CD002DC7A0 /* Release */,
			);
			defaultConfigurationIsVisible = 0;
			defaultConfigurationName = Release;
		};
		E057A0632770D7EA00827AD9 /* Build configuration list for PBXProject "MarvelAPITask" */ = {
			isa = XCConfigurationList;
			buildConfigurations = (
				E057A0792770D7EB00827AD9 /* Debug */,
				E057A07A2770D7EB00827AD9 /* Release */,
			);
			defaultConfigurationIsVisible = 0;
			defaultConfigurationName = Release;
		};
		E057A07B2770D7EB00827AD9 /* Build configuration list for PBXNativeTarget "MarvelAPITask" */ = {
			isa = XCConfigurationList;
			buildConfigurations = (
				E057A07C2770D7EB00827AD9 /* Debug */,
				E057A07D2770D7EB00827AD9 /* Release */,
			);
			defaultConfigurationIsVisible = 0;
			defaultConfigurationName = Release;
		};
/* End XCConfigurationList section */

/* Begin XCRemoteSwiftPackageReference section */
		E057A08B2770F11200827AD9 /* XCRemoteSwiftPackageReference "SDWebImageSwiftUI" */ = {
			isa = XCRemoteSwiftPackageReference;
			repositoryURL = "https://github.com/SDWebImage/SDWebImageSwiftUI.git";
			requirement = {
				branch = master;
				kind = branch;
			};
		};
/* End XCRemoteSwiftPackageReference section */

/* Begin XCSwiftPackageProductDependency section */
		E057A08C2770F11200827AD9 /* SDWebImageSwiftUI */ = {
			isa = XCSwiftPackageProductDependency;
			package = E057A08B2770F11200827AD9 /* XCRemoteSwiftPackageReference "SDWebImageSwiftUI" */;
			productName = SDWebImageSwiftUI;
		};
/* End XCSwiftPackageProductDependency section */

/* Begin XCVersionGroup section */
		E057A0762770D7EB00827AD9 /* MarvelAPITask.xcdatamodeld */ = {
			isa = XCVersionGroup;
			children = (
				E057A0772770D7EB00827AD9 /* MarvelAPITask.xcdatamodel */,
			);
			currentVersion = E057A0772770D7EB00827AD9 /* MarvelAPITask.xcdatamodel */;
			path = MarvelAPITask.xcdatamodeld;
			sourceTree = "<group>";
			versionGroupType = wrapper.xcdatamodel;
		};
/* End XCVersionGroup section */
	};
	rootObject = E057A0602770D7EA00827AD9 /* Project object */;
}
